// !$*UTF8*$!
{
	archiveVersion = 1;
	classes = {
	};
	objectVersion = 46;
	objects = {

/* Begin PBXBuildFile section */
		CAA226FE1DCB593E000E6E55 /* PersistenceLayer.h in Headers */ = {isa = PBXBuildFile; fileRef = CAA226FC1DCB593E000E6E55 /* PersistenceLayer.h */; settings = {ATTRIBUTES = (Public, ); }; };
		CAA227091DCB5978000E6E55 /* CoreDataDAO.swift in Sources */ = {isa = PBXBuildFile; fileRef = CAA227051DCB5978000E6E55 /* CoreDataDAO.swift */; };
		CAA2270A1DCB5978000E6E55 /* NoteDAO.swift in Sources */ = {isa = PBXBuildFile; fileRef = CAA227061DCB5978000E6E55 /* NoteDAO.swift */; };
		CAA2270B1DCB5978000E6E55 /* Note.swift in Sources */ = {isa = PBXBuildFile; fileRef = CAA227081DCB5978000E6E55 /* Note.swift */; };
		CAA227151DCB5B9A000E6E55 /* NoteManagedObject+CoreDataClass.swift in Sources */ = {isa = PBXBuildFile; fileRef = CAA227131DCB5B9A000E6E55 /* NoteManagedObject+CoreDataClass.swift */; };
		CAA227161DCB5B9A000E6E55 /* NoteManagedObject+CoreDataProperties.swift in Sources */ = {isa = PBXBuildFile; fileRef = CAA227141DCB5B9A000E6E55 /* NoteManagedObject+CoreDataProperties.swift */; };
		CAA2271C1DCB5CFA000E6E55 /* CoreData.framework in Frameworks */ = {isa = PBXBuildFile; fileRef = CAA2271B1DCB5CFA000E6E55 /* CoreData.framework */; };
/* End PBXBuildFile section */

/* Begin PBXFileReference section */
		CAA226F91DCB593E000E6E55 /* PersistenceLayer.framework */ = {isa = PBXFileReference; explicitFileType = wrapper.framework; includeInIndex = 0; path = PersistenceLayer.framework; sourceTree = BUILT_PRODUCTS_DIR; };
		CAA226FC1DCB593E000E6E55 /* PersistenceLayer.h */ = {isa = PBXFileReference; lastKnownFileType = sourcecode.c.h; path = PersistenceLayer.h; sourceTree = "<group>"; };
		CAA226FD1DCB593E000E6E55 /* Info.plist */ = {isa = PBXFileReference; lastKnownFileType = text.plist.xml; path = Info.plist; sourceTree = "<group>"; };
		CAA227051DCB5978000E6E55 /* CoreDataDAO.swift */ = {isa = PBXFileReference; fileEncoding = 4; lastKnownFileType = sourcecode.swift; path = CoreDataDAO.swift; sourceTree = "<group>"; };
		CAA227061DCB5978000E6E55 /* NoteDAO.swift */ = {isa = PBXFileReference; fileEncoding = 4; lastKnownFileType = sourcecode.swift; path = NoteDAO.swift; sourceTree = "<group>"; };
		CAA227081DCB5978000E6E55 /* Note.swift */ = {isa = PBXFileReference; fileEncoding = 4; lastKnownFileType = sourcecode.swift; path = Note.swift; sourceTree = "<group>"; };
		CAA227131DCB5B9A000E6E55 /* NoteManagedObject+CoreDataClass.swift */ = {isa = PBXFileReference; fileEncoding = 4; lastKnownFileType = sourcecode.swift; path = "NoteManagedObject+CoreDataClass.swift"; sourceTree = "<group>"; };
		CAA227141DCB5B9A000E6E55 /* NoteManagedObject+CoreDataProperties.swift */ = {isa = PBXFileReference; fileEncoding = 4; lastKnownFileType = sourcecode.swift; path = "NoteManagedObject+CoreDataProperties.swift"; sourceTree = "<group>"; };
		CAA2271B1DCB5CFA000E6E55 /* CoreData.framework */ = {isa = PBXFileReference; lastKnownFileType = wrapper.framework; name = CoreData.framework; path = System/Library/Frameworks/CoreData.framework; sourceTree = SDKROOT; };
/* End PBXFileReference section */

/* Begin PBXFrameworksBuildPhase section */
		CAA226F51DCB593E000E6E55 /* Frameworks */ = {
			isa = PBXFrameworksBuildPhase;
			buildActionMask = 2147483647;
			files = (
				CAA2271C1DCB5CFA000E6E55 /* CoreData.framework in Frameworks */,
			);
			runOnlyForDeploymentPostprocessing = 0;
		};
/* End PBXFrameworksBuildPhase section */

/* Begin PBXGroup section */
		CAA226EF1DCB593E000E6E55 = {
			isa = PBXGroup;
			children = (
				CAA226FB1DCB593E000E6E55 /* PersistenceLayer */,
				CAA226FA1DCB593E000E6E55 /* Products */,
				CAA2271A1DCB5CFA000E6E55 /* Frameworks */,
			);
			sourceTree = "<group>";
		};
		CAA226FA1DCB593E000E6E55 /* Products */ = {
			isa = PBXGroup;
			children = (
				CAA226F91DCB593E000E6E55 /* PersistenceLayer.framework */,
			);
			name = Products;
			sourceTree = "<group>";
		};
		CAA226FB1DCB593E000E6E55 /* PersistenceLayer */ = {
			isa = PBXGroup;
			children = (
				CAA227041DCB5978000E6E55 /* dao */,
				CAA227071DCB5978000E6E55 /* domain */,
				CAA226FC1DCB593E000E6E55 /* PersistenceLayer.h */,
				CAA226FD1DCB593E000E6E55 /* Info.plist */,
			);
			path = PersistenceLayer;
			sourceTree = "<group>";
		};
		CAA227041DCB5978000E6E55 /* dao */ = {
			isa = PBXGroup;
			children = (
				CAA227051DCB5978000E6E55 /* CoreDataDAO.swift */,
				CAA227061DCB5978000E6E55 /* NoteDAO.swift */,
			);
			path = dao;
			sourceTree = "<group>";
		};
		CAA227071DCB5978000E6E55 /* domain */ = {
			isa = PBXGroup;
			children = (
				CAA227131DCB5B9A000E6E55 /* NoteManagedObject+CoreDataClass.swift */,
				CAA227141DCB5B9A000E6E55 /* NoteManagedObject+CoreDataProperties.swift */,
				CAA227081DCB5978000E6E55 /* Note.swift */,
			);
			path = domain;
			sourceTree = "<group>";
		};
		CAA2271A1DCB5CFA000E6E55 /* Frameworks */ = {
			isa = PBXGroup;
			children = (
				CAA2271B1DCB5CFA000E6E55 /* CoreData.framework */,
			);
			name = Frameworks;
			sourceTree = "<group>";
		};
/* End PBXGroup section */

/* Begin PBXHeadersBuildPhase section */
		CAA226F61DCB593E000E6E55 /* Headers */ = {
			isa = PBXHeadersBuildPhase;
			buildActionMask = 2147483647;
			files = (
				CAA226FE1DCB593E000E6E55 /* PersistenceLayer.h in Headers */,
			);
			runOnlyForDeploymentPostprocessing = 0;
		};
/* End PBXHeadersBuildPhase section */

/* Begin PBXNativeTarget section */
		CAA226F81DCB593E000E6E55 /* PersistenceLayer */ = {
			isa = PBXNativeTarget;
			buildConfigurationList = CAA227011DCB593E000E6E55 /* Build configuration list for PBXNativeTarget "PersistenceLayer" */;
			buildPhases = (
				CAA226F41DCB593E000E6E55 /* Sources */,
				CAA226F51DCB593E000E6E55 /* Frameworks */,
				CAA226F61DCB593E000E6E55 /* Headers */,
				CAA226F71DCB593E000E6E55 /* Resources */,
			);
			buildRules = (
			);
			dependencies = (
			);
			name = PersistenceLayer;
			productName = PersistenceLayer;
			productReference = CAA226F91DCB593E000E6E55 /* PersistenceLayer.framework */;
			productType = "com.apple.product-type.framework";
		};
/* End PBXNativeTarget section */

/* Begin PBXProject section */
		CAA226F01DCB593E000E6E55 /* Project object */ = {
			isa = PBXProject;
			attributes = {
				LastUpgradeCheck = 0810;
				ORGANIZATIONNAME = "关东升";
				TargetAttributes = {
					CAA226F81DCB593E000E6E55 = {
						CreatedOnToolsVersion = 8.1;
						LastSwiftMigration = 0810;
						ProvisioningStyle = Automatic;
					};
				};
			};
			buildConfigurationList = CAA226F31DCB593E000E6E55 /* Build configuration list for PBXProject "PersistenceLayer" */;
			compatibilityVersion = "Xcode 3.2";
			developmentRegion = English;
			hasScannedForEncodings = 0;
			knownRegions = (
				en,
			);
			mainGroup = CAA226EF1DCB593E000E6E55;
			productRefGroup = CAA226FA1DCB593E000E6E55 /* Products */;
			projectDirPath = "";
			projectRoot = "";
			targets = (
				CAA226F81DCB593E000E6E55 /* PersistenceLayer */,
			);
		};
/* End PBXProject section */

/* Begin PBXResourcesBuildPhase section */
		CAA226F71DCB593E000E6E55 /* Resources */ = {
			isa = PBXResourcesBuildPhase;
			buildActionMask = 2147483647;
			files = (
			);
			runOnlyForDeploymentPostprocessing = 0;
		};
/* End PBXResourcesBuildPhase section */

/* Begin PBXSourcesBuildPhase section */
		CAA226F41DCB593E000E6E55 /* Sources */ = {
			isa = PBXSourcesBuildPhase;
			buildActionMask = 2147483647;
			files = (
				CAA2270A1DCB5978000E6E55 /* NoteDAO.swift in Sources */,
				CAA227161DCB5B9A000E6E55 /* NoteManagedObject+CoreDataProperties.swift in Sources */,
				CAA227091DCB5978000E6E55 /* CoreDataDAO.swift in Sources */,
				CAA227151DCB5B9A000E6E55 /* NoteManagedObject+CoreDataClass.swift in Sources */,
				CAA2270B1DCB5978000E6E55 /* Note.swift in Sources */,
			);
			runOnlyForDeploymentPostprocessing = 0;
		};
/* End PBXSourcesBuildPhase section */

/* Begin XCBuildConfiguration section */
		CAA226FF1DCB593E000E6E55 /* Debug */ = {
			isa = XCBuildConfiguration;
			buildSettings = {
				ALWAYS_SEARCH_USER_PATHS = NO;
				CLANG_ANALYZER_NONNULL = YES;
				CLANG_CXX_LANGUAGE_STANDARD = "gnu++0x";
				CLANG_CXX_LIBRARY = "libc++";
				CLANG_ENABLE_MODULES = YES;
				CLANG_ENABLE_OBJC_ARC = YES;
				CLANG_WARN_BOOL_CONVERSION = YES;
				CLANG_WARN_CONSTANT_CONVERSION = YES;
				CLANG_WARN_DIRECT_OBJC_ISA_USAGE = YES_ERROR;
				CLANG_WARN_DOCUMENTATION_COMMENTS = YES;
				CLANG_WARN_EMPTY_BODY = YES;
				CLANG_WARN_ENUM_CONVERSION = YES;
				CLANG_WARN_INFINITE_RECURSION = YES;
				CLANG_WARN_INT_CONVERSION = YES;
				CLANG_WARN_OBJC_ROOT_CLASS = YES_ERROR;
				CLANG_WARN_SUSPICIOUS_MOVES = YES;
				CLANG_WARN_UNREACHABLE_CODE = YES;
				CLANG_WARN__DUPLICATE_METHOD_MATCH = YES;
				"CODE_SIGN_IDENTITY[sdk=iphoneos*]" = "iPhone Developer";
				COPY_PHASE_STRIP = NO;
				CURRENT_PROJECT_VERSION = 1;
				DEBUG_INFORMATION_FORMAT = dwarf;
				ENABLE_STRICT_OBJC_MSGSEND = YES;
				ENABLE_TESTABILITY = YES;
				GCC_C_LANGUAGE_STANDARD = gnu99;
				GCC_DYNAMIC_NO_PIC = NO;
				GCC_NO_COMMON_BLOCKS = YES;
				GCC_OPTIMIZATION_LEVEL = 0;
				GCC_PREPROCESSOR_DEFINITIONS = (
					"DEBUG=1",
					"$(inherited)",
				);
				GCC_WARN_64_TO_32_BIT_CONVERSION = YES;
				GCC_WARN_ABOUT_RETURN_TYPE = YES_ERROR;
				GCC_WARN_UNDECLARED_SELECTOR = YES;
				GCC_WARN_UNINITIALIZED_AUTOS = YES_AGGRESSIVE;
				GCC_WARN_UNUSED_FUNCTION = YES;
				GCC_WARN_UNUSED_VARIABLE = YES;
				IPHONEOS_DEPLOYMENT_TARGET = 10.1;
				MTL_ENABLE_DEBUG_INFO = YES;
				ONLY_ACTIVE_ARCH = YES;
				SDKROOT = iphoneos;
				SWIFT_ACTIVE_COMPILATION_CONDITIONS = DEBUG;
				SWIFT_OPTIMIZATION_LEVEL = "-Onone";
				TARGETED_DEVICE_FAMILY = "1,2";
				VERSIONING_SYSTEM = "apple-generic";
				VERSION_INFO_PREFIX = "";
			};
			name = Debug;
		};
		CAA227001DCB593E000E6E55 /* Release */ = {
			isa = XCBuildConfiguration;
			buildSettings = {
				ALWAYS_SEARCH_USER_PATHS = NO;
				CLANG_ANALYZER_NONNULL = YES;
				CLANG_CXX_LANGUAGE_STANDARD = "gnu++0x";
				CLANG_CXX_LIBRARY = "libc++";
				CLANG_ENABLE_MODULES = YES;
				CLANG_ENABLE_OBJC_ARC = YES;
				CLANG_WARN_BOOL_CONVERSION = YES;
				CLANG_WARN_CONSTANT_CONVERSION = YES;
				CLANG_WARN_DIRECT_OBJC_ISA_USAGE = YES_ERROR;
				CLANG_WARN_DOCUMENTATION_COMMENTS = YES;
				CLANG_WARN_EMPTY_BODY = YES;
				CLANG_WARN_ENUM_CONVERSION = YES;
				CLANG_WARN_INFINITE_RECURSION = YES;
				CLANG_WARN_INT_CONVERSION = YES;
				CLANG_WARN_OBJC_ROOT_CLASS = YES_ERROR;
				CLANG_WARN_SUSPICIOUS_MOVES = YES;
				CLANG_WARN_UNREACHABLE_CODE = YES;
				CLANG_WARN__DUPLICATE_METHOD_MATCH = YES;
				"CODE_SIGN_IDENTITY[sdk=iphoneos*]" = "iPhone Developer";
				COPY_PHASE_STRIP = NO;
				CURRENT_PROJECT_VERSION = 1;
				DEBUG_INFORMATION_FORMAT = "dwarf-with-dsym";
				ENABLE_NS_ASSERTIONS = NO;
				ENABLE_STRICT_OBJC_MSGSEND = YES;
				GCC_C_LANGUAGE_STANDARD = gnu99;
				GCC_NO_COMMON_BLOCKS = YES;
				GCC_WARN_64_TO_32_BIT_CONVERSION = YES;
				GCC_WARN_ABOUT_RETURN_TYPE = YES_ERROR;
				GCC_WARN_UNDECLARED_SELECTOR = YES;
				GCC_WARN_UNINITIALIZED_AUTOS = YES_AGGRESSIVE;
				GCC_WARN_UNUSED_FUNCTION = YES;
				GCC_WARN_UNUSED_VARIABLE = YES;
				IPHONEOS_DEPLOYMENT_TARGET = 10.1;
				MTL_ENABLE_DEBUG_INFO = NO;
				SDKROOT = iphoneos;
				SWIFT_OPTIMIZATION_LEVEL = "-Owholemodule";
				TARGETED_DEVICE_FAMILY = "1,2";
				VALIDATE_PRODUCT = YES;
				VERSIONING_SYSTEM = "apple-generic";
				VERSION_INFO_PREFIX = "";
			};
			name = Release;
		};
		CAA227021DCB593E000E6E55 /* Debug */ = {
			isa = XCBuildConfiguration;
			buildSettings = {
				ALWAYS_EMBED_SWIFT_STANDARD_LIBRARIES = YES;
				CODE_SIGN_IDENTITY = "";
				DEFINES_MODULE = YES;
				DYLIB_COMPATIBILITY_VERSION = 1;
				DYLIB_CURRENT_VERSION = 1;
				DYLIB_INSTALL_NAME_BASE = "@rpath";
				INFOPLIST_FILE = PersistenceLayer/Info.plist;
				INSTALL_PATH = "$(LOCAL_LIBRARY_DIR)/Frameworks";
				LD_RUNPATH_SEARCH_PATHS = "$(inherited) @executable_path/Frameworks @loader_path/Frameworks";
				PRODUCT_BUNDLE_IDENTIFIER = com.51work6.PersistenceLayer;
				PRODUCT_NAME = "$(TARGET_NAME)";
				SKIP_INSTALL = YES;
				SWIFT_VERSION = 3.0;
			};
			name = Debug;
		};
		CAA227031DCB593E000E6E55 /* Release */ = {
			isa = XCBuildConfiguration;
			buildSettings = {
				ALWAYS_EMBED_SWIFT_STANDARD_LIBRARIES = YES;
				CODE_SIGN_IDENTITY = "";
				DEFINES_MODULE = YES;
				DYLIB_COMPATIBILITY_VERSION = 1;
				DYLIB_CURRENT_VERSION = 1;
				DYLIB_INSTALL_NAME_BASE = "@rpath";
				INFOPLIST_FILE = PersistenceLayer/Info.plist;
				INSTALL_PATH = "$(LOCAL_LIBRARY_DIR)/Frameworks";
				LD_RUNPATH_SEARCH_PATHS = "$(inherited) @executable_path/Frameworks @loader_path/Frameworks";
				PRODUCT_BUNDLE_IDENTIFIER = com.51work6.PersistenceLayer;
				PRODUCT_NAME = "$(TARGET_NAME)";
				SKIP_INSTALL = YES;
				SWIFT_VERSION = 3.0;
			};
			name = Release;
		};
/* End XCBuildConfiguration section */

/* Begin XCConfigurationList section */
		CAA226F31DCB593E000E6E55 /* Build configuration list for PBXProject "PersistenceLayer" */ = {
			isa = XCConfigurationList;
			buildConfigurations = (
				CAA226FF1DCB593E000E6E55 /* Debug */,
				CAA227001DCB593E000E6E55 /* Release */,
			);
			defaultConfigurationIsVisible = 0;
			defaultConfigurationName = Release;
		};
		CAA227011DCB593E000E6E55 /* Build configuration list for PBXNativeTarget "PersistenceLayer" */ = {
			isa = XCConfigurationList;
			buildConfigurations = (
				CAA227021DCB593E000E6E55 /* Debug */,
				CAA227031DCB593E000E6E55 /* Release */,
			);
			defaultConfigurationIsVisible = 0;
		};
/* End XCConfigurationList section */
	};
	rootObject = CAA226F01DCB593E000E6E55 /* Project object */;
}
